
Microsoft Visual Studio Solution File, Format Version 12.00
# Visual Studio Version 17
VisualStudioVersion = 17.7.34031.279
MinimumVisualStudioVersion = 10.0.40219.1
Project("{9A19103F-16F7-4668-BE54-9A1E7A4F7556}") = "Phoenix.MusiCali.Consoleapp", "Wanderer.CraftVerify2.Consoleapp\Phoenix.MusiCali.Consoleapp.csproj", "{B12C0802-2B0D-444A-999D-04E952FB7609}"
EndProject
Project("{2150E333-8FDC-42A3-9474-1A3956D46DE8}") = "DataAccessLayer", "DataAccessLayer", "{2029C646-CE0D-4088-8F09-08CAE13F3C08}"
EndProject
Project("{2150E333-8FDC-42A3-9474-1A3956D46DE8}") = "Logging", "Logging", "{F04C2630-72BB-463F-B687-5F9C79C94BCA}"
EndProject
Project("{2150E333-8FDC-42A3-9474-1A3956D46DE8}") = "Services", "Services", "{16BA78D2-1C26-45AD-B860-D9E3D808F4EF}"
EndProject
Project("{9A19103F-16F7-4668-BE54-9A1E7A4F7556}") = "Phoenix.MusiCali.Services", "Services\Phoenix.MusiCali.Services.csproj", "{3B94BE73-C56C-4722-B992-628203C2175D}"
	ProjectSection(ProjectDependencies) = postProject
		{0D8D45BC-0733-4F48-BC67-FB55982BBB72} = {0D8D45BC-0733-4F48-BC67-FB55982BBB72}
		{C4E7980B-6F3D-4916-BE96-7F98A64CBE3A} = {C4E7980B-6F3D-4916-BE96-7F98A64CBE3A}
	EndProjectSection
EndProject
Project("{2150E333-8FDC-42A3-9474-1A3956D46DE8}") = "Models", "Models", "{7C1F6EA1-7A35-469C-AE5A-0D71985565F8}"
EndProject
Project("{2150E333-8FDC-42A3-9474-1A3956D46DE8}") = "Front", "Front", "{B1E25E14-4F8F-42EC-9919-D3D7D197CEE3}"
EndProject
Project("{9A19103F-16F7-4668-BE54-9A1E7A4F7556}") = "Phoenix.MusiCali.Models", "Phoenix.MusiCali.Models\Phoenix.MusiCali.Models.csproj", "{3814FBEB-7C35-40EE-886A-D04FEA1278E6}"
EndProject
Project("{9A19103F-16F7-4668-BE54-9A1E7A4F7556}") = "Phoenix.MusiCali.Front", "Phoenix.MusiCali.Front\Phoenix.MusiCali.Front.csproj", "{6B18C554-971B-417A-AEEA-8961F0650DD9}"
EndProject
Project("{FAE04EC0-301F-11D3-BF4B-00C04F79EFBC}") = "Phoenix.MusiCali.DataAccessLayer", "Phoenix.MusiCali.DataAccessLayer\Phoenix.MusiCali.DataAccessLayer.csproj", "{C4E7980B-6F3D-4916-BE96-7F98A64CBE3A}"
	ProjectSection(ProjectDependencies) = postProject
		{3814FBEB-7C35-40EE-886A-D04FEA1278E6} = {3814FBEB-7C35-40EE-886A-D04FEA1278E6}
	EndProjectSection
EndProject
Project("{FAE04EC0-301F-11D3-BF4B-00C04F79EFBC}") = "Phoenix.MusiCali.Logging", "Phoenix.MusiCali.Logging\Phoenix.MusiCali.Logging.csproj", "{0D8D45BC-0733-4F48-BC67-FB55982BBB72}"
EndProject
Project("{2150E333-8FDC-42A3-9474-1A3956D46DE8}") = "Contracts", "Contracts", "{22DFAB60-3CC0-47E1-AE80-C8B865F0A789}"
	ProjectSection(SolutionItems) = preProject
		Phoenix.Musicali.Contracts.csproj = Phoenix.Musicali.Contracts.csproj
	EndProjectSection
EndProject
Project("{2150E333-8FDC-42A3-9474-1A3956D46DE8}") = "config", "config", "{819C3696-1EFF-417D-8130-8247A9E0F7A5}"
	ProjectSection(SolutionItems) = preProject
		config.local.txt = config.local.txt
		config.prod.txt = config.prod.txt
		config.qa.txt = config.qa.txt
		config.staging.txt = config.staging.txt
		config.local.xml = config.local.xml
		config.local.json = config.local.json
	EndProjectSection
EndProject
Project("{2150E333-8FDC-42A3-9474-1A3956D46DE8}") = "ConfigTests", "ConfigTests", "{3D9AA65B-7346-4897-B083-2E2D1CF133D8}"
	ProjectSection(SolutionItems) = preProject
		ConfigService.cs = ConfigService.cs
		ConfigShould.cs = ConfigShould.cs
	EndProjectSection
EndProject
Global
	GlobalSection(SolutionConfigurationPlatforms) = preSolution
		Debug|Any CPU = Debug|Any CPU
		Release|Any CPU = Release|Any CPU
	EndGlobalSection
	GlobalSection(ProjectConfigurationPlatforms) = postSolution
		{B12C0802-2B0D-444A-999D-04E952FB7609}.Debug|Any CPU.ActiveCfg = Debug|Any CPU
		{B12C0802-2B0D-444A-999D-04E952FB7609}.Debug|Any CPU.Build.0 = Debug|Any CPU
		{B12C0802-2B0D-444A-999D-04E952FB7609}.Release|Any CPU.ActiveCfg = Release|Any CPU
		{B12C0802-2B0D-444A-999D-04E952FB7609}.Release|Any CPU.Build.0 = Release|Any CPU
		{3B94BE73-C56C-4722-B992-628203C2175D}.Debug|Any CPU.ActiveCfg = Debug|Any CPU
		{3B94BE73-C56C-4722-B992-628203C2175D}.Debug|Any CPU.Build.0 = Debug|Any CPU
		{3B94BE73-C56C-4722-B992-628203C2175D}.Release|Any CPU.ActiveCfg = Release|Any CPU
		{3B94BE73-C56C-4722-B992-628203C2175D}.Release|Any CPU.Build.0 = Release|Any CPU
		{3814FBEB-7C35-40EE-886A-D04FEA1278E6}.Debug|Any CPU.ActiveCfg = Debug|Any CPU
		{3814FBEB-7C35-40EE-886A-D04FEA1278E6}.Debug|Any CPU.Build.0 = Debug|Any CPU
		{3814FBEB-7C35-40EE-886A-D04FEA1278E6}.Release|Any CPU.ActiveCfg = Release|Any CPU
		{3814FBEB-7C35-40EE-886A-D04FEA1278E6}.Release|Any CPU.Build.0 = Release|Any CPU
		{6B18C554-971B-417A-AEEA-8961F0650DD9}.Debug|Any CPU.ActiveCfg = Debug|Any CPU
		{6B18C554-971B-417A-AEEA-8961F0650DD9}.Debug|Any CPU.Build.0 = Debug|Any CPU
		{6B18C554-971B-417A-AEEA-8961F0650DD9}.Release|Any CPU.ActiveCfg = Release|Any CPU
		{6B18C554-971B-417A-AEEA-8961F0650DD9}.Release|Any CPU.Build.0 = Release|Any CPU
		{C4E7980B-6F3D-4916-BE96-7F98A64CBE3A}.Debug|Any CPU.ActiveCfg = Debug|Any CPU
		{C4E7980B-6F3D-4916-BE96-7F98A64CBE3A}.Debug|Any CPU.Build.0 = Debug|Any CPU
		{C4E7980B-6F3D-4916-BE96-7F98A64CBE3A}.Release|Any CPU.ActiveCfg = Release|Any CPU
		{C4E7980B-6F3D-4916-BE96-7F98A64CBE3A}.Release|Any CPU.Build.0 = Release|Any CPU
		{0D8D45BC-0733-4F48-BC67-FB55982BBB72}.Debug|Any CPU.ActiveCfg = Debug|Any CPU
		{0D8D45BC-0733-4F48-BC67-FB55982BBB72}.Debug|Any CPU.Build.0 = Debug|Any CPU
		{0D8D45BC-0733-4F48-BC67-FB55982BBB72}.Release|Any CPU.ActiveCfg = Release|Any CPU
		{0D8D45BC-0733-4F48-BC67-FB55982BBB72}.Release|Any CPU.Build.0 = Release|Any CPU
	EndGlobalSection
	GlobalSection(SolutionProperties) = preSolution
		HideSolutionNode = FALSE
	EndGlobalSection
	GlobalSection(NestedProjects) = preSolution
		{3B94BE73-C56C-4722-B992-628203C2175D} = {16BA78D2-1C26-45AD-B860-D9E3D808F4EF}
		{3814FBEB-7C35-40EE-886A-D04FEA1278E6} = {7C1F6EA1-7A35-469C-AE5A-0D71985565F8}
		{6B18C554-971B-417A-AEEA-8961F0650DD9} = {B1E25E14-4F8F-42EC-9919-D3D7D197CEE3}
		{C4E7980B-6F3D-4916-BE96-7F98A64CBE3A} = {2029C646-CE0D-4088-8F09-08CAE13F3C08}
		{0D8D45BC-0733-4F48-BC67-FB55982BBB72} = {F04C2630-72BB-463F-B687-5F9C79C94BCA}
		{3D9AA65B-7346-4897-B083-2E2D1CF133D8} = {819C3696-1EFF-417D-8130-8247A9E0F7A5}
	EndGlobalSection
	GlobalSection(ExtensibilityGlobals) = postSolution
		SolutionGuid = {BF4C19A4-289D-4738-81AD-1EE78A529D84}
	EndGlobalSection
EndGlobal
